
Microsoft Visual Studio Solution File, Format Version 12.00
# Visual Studio Version 17
VisualStudioVersion = 17.7.34221.43
MinimumVisualStudioVersion = 10.0.40219.1
Project("{9A19103F-16F7-4668-BE54-9A1E7A4F7556}") = "DOTNET_Angular_DUC_SHOP3a", "DOTNET_Angular_DUC_SHOP3a\DOTNET_Angular_DUC_SHOP3a.csproj", "{F1870B81-23A2-4744-AE06-994A059C1154}"
EndProject
Project("{FAE04EC0-301F-11D3-BF4B-00C04F79EFBC}") = "ProjectTest", "ProjectTest\ProjectTest.csproj", "{D6CD701A-F058-4FFB-B1B8-84A57FA7F18C}"
EndProject
Global
	GlobalSection(SolutionConfigurationPlatforms) = preSolution
		Debug|Any CPU = Debug|Any CPU
		Release|Any CPU = Release|Any CPU
	EndGlobalSection
	GlobalSection(ProjectConfigurationPlatforms) = postSolution
		{F1870B81-23A2-4744-AE06-994A059C1154}.Debug|Any CPU.ActiveCfg = Debug|Any CPU
		{F1870B81-23A2-4744-AE06-994A059C1154}.Debug|Any CPU.Build.0 = Debug|Any CPU
		{F1870B81-23A2-4744-AE06-994A059C1154}.Release|Any CPU.ActiveCfg = Release|Any CPU
		{F1870B81-23A2-4744-AE06-994A059C1154}.Release|Any CPU.Build.0 = Release|Any CPU
		{D6CD701A-F058-4FFB-B1B8-84A57FA7F18C}.Debug|Any CPU.ActiveCfg = Debug|Any CPU
		{D6CD701A-F058-4FFB-B1B8-84A57FA7F18C}.Debug|Any CPU.Build.0 = Debug|Any CPU
		{D6CD701A-F058-4FFB-B1B8-84A57FA7F18C}.Release|Any CPU.ActiveCfg = Release|Any CPU
		{D6CD701A-F058-4FFB-B1B8-84A57FA7F18C}.Release|Any CPU.Build.0 = Release|Any CPU
	EndGlobalSection
	GlobalSection(SolutionProperties) = preSolution
		HideSolutionNode = FALSE
	EndGlobalSection
	GlobalSection(ExtensibilityGlobals) = postSolution
		SolutionGuid = {CCE16AEF-F2BF-432B-A62D-DB826E9A6C0D}
	EndGlobalSection
EndGlobal
